
Microsoft Visual Studio Solution File, Format Version 12.00
# Visual Studio Version 17
VisualStudioVersion = 17.5.33414.496
MinimumVisualStudioVersion = 10.0.40219.1
Project("{8BC9CEB8-8B4A-11D0-8D11-00A0C91BC942}") = "Assignment2", "Assignment2\Assignment2.vcxproj", "{DE89C53B-349D-442E-81C2-1B71A5067D06}"
EndProject
Global
	GlobalSection(SolutionConfigurationPlatforms) = preSolution
		Debug|arm64 = Debug|arm64
		Debug|x64 = Debug|x64
		Debug|x86 = Debug|x86
		Release|arm64 = Release|arm64
		Release|x64 = Release|x64
		Release|x86 = Release|x86
	EndGlobalSection
	GlobalSection(ProjectConfigurationPlatforms) = postSolution
		{DE89C53B-349D-442E-81C2-1B71A5067D06}.Debug|arm64.ActiveCfg = Debug|arm64
		{DE89C53B-349D-442E-81C2-1B71A5067D06}.Debug|arm64.Build.0 = Debug|arm64
		{DE89C53B-349D-442E-81C2-1B71A5067D06}.Debug|x64.ActiveCfg = Debug|x64
		{DE89C53B-349D-442E-81C2-1B71A5067D06}.Debug|x64.Build.0 = Debug|x64
		{DE89C53B-349D-442E-81C2-1B71A5067D06}.Debug|x86.ActiveCfg = Debug|Win32
		{DE89C53B-349D-442E-81C2-1B71A5067D06}.Debug|x86.Build.0 = Debug|Win32
		{DE89C53B-349D-442E-81C2-1B71A5067D06}.Release|arm64.ActiveCfg = Release|arm64
		{DE89C53B-349D-442E-81C2-1B71A5067D06}.Release|arm64.Build.0 = Release|arm64
		{DE89C53B-349D-442E-81C2-1B71A5067D06}.Release|x64.ActiveCfg = Release|x64
		{DE89C53B-349D-442E-81C2-1B71A5067D06}.Release|x64.Build.0 = Release|x64
		{DE89C53B-349D-442E-81C2-1B71A5067D06}.Release|x86.ActiveCfg = Release|Win32
		{DE89C53B-349D-442E-81C2-1B71A5067D06}.Release|x86.Build.0 = Release|Win32
	EndGlobalSection
	GlobalSection(SolutionProperties) = preSolution
		HideSolutionNode = FALSE
	EndGlobalSection
	GlobalSection(ExtensibilityGlobals) = postSolution
		SolutionGuid = {18DCC688-CDDC-47B6-8F32-109DA3CCAEC9}
	EndGlobalSection
EndGlobal
